
Microsoft Visual Studio Solution File, Format Version 11.00
# Visual Studio 2010
Project("{FAE04EC0-301F-11D3-BF4B-00C04F79EFBC}") = "fantazy", "Assembly-CSharp.csproj", "{F8AAB9F6-7E26-89A9-3BB2-3E28CD791127}"
EndProject
Project("{FAE04EC0-301F-11D3-BF4B-00C04F79EFBC}") = "fantazy", "PhotonUnityNetworking.Utilities.csproj", "{2241C3A8-1358-39F0-EC12-7DC790547351}"
EndProject
Project("{FAE04EC0-301F-11D3-BF4B-00C04F79EFBC}") = "fantazy", "PhotonChat.csproj", "{391929B8-CF2A-1BFE-62EC-109DF91A53F6}"
EndProject
Project("{FAE04EC0-301F-11D3-BF4B-00C04F79EFBC}") = "fantazy", "PhotonUnityNetworking.csproj", "{5A95DAD2-BF17-252B-863E-D5E979CDB9EE}"
EndProject
Project("{FAE04EC0-301F-11D3-BF4B-00C04F79EFBC}") = "fantazy", "Assembly-CSharp-firstpass.csproj", "{495EF1AF-30C5-1466-F477-4E8678E92459}"
EndProject
Project("{FAE04EC0-301F-11D3-BF4B-00C04F79EFBC}") = "fantazy", "PhotonRealtime.csproj", "{C0150324-72E5-6C9A-BAB4-58E14FC48EB4}"
EndProject
Project("{FAE04EC0-301F-11D3-BF4B-00C04F79EFBC}") = "fantazy", "PhotonWebSocket.csproj", "{9A98CC20-4DFD-E80B-0718-FE221B701959}"
EndProject
Project("{FAE04EC0-301F-11D3-BF4B-00C04F79EFBC}") = "fantazy", "Assembly-CSharp-Editor-firstpass.csproj", "{2A48FB40-7847-6199-03D6-7D8B8D9778AB}"
EndProject
Project("{FAE04EC0-301F-11D3-BF4B-00C04F79EFBC}") = "fantazy", "PhotonUnityNetworking.Editor.csproj", "{35726CC1-9E7F-5680-B763-8D31649E9D31}"
EndProject
Project("{FAE04EC0-301F-11D3-BF4B-00C04F79EFBC}") = "fantazy", "Assembly-CSharp-Editor.csproj", "{CFC7AC32-E16A-CEB0-9A29-FCD0F0644ECC}"
EndProject
Project("{FAE04EC0-301F-11D3-BF4B-00C04F79EFBC}") = "fantazy", "PhotonUnityNetworking.Utilities.PhotonPlayer.Editor.csproj", "{642001F2-8578-3188-6A62-0DCB1F5FD9A8}"
EndProject
Project("{FAE04EC0-301F-11D3-BF4B-00C04F79EFBC}") = "fantazy", "PhotonUnityNetworking.Utilities.Culling.Editor.csproj", "{47D9F5FE-08D6-C301-485F-2EB5CB2E6B7E}"
EndProject
Global
	GlobalSection(SolutionConfigurationPlatforms) = preSolution
		Debug|Any CPU = Debug|Any CPU
		Release|Any CPU = Release|Any CPU
	EndGlobalSection
	GlobalSection(ProjectConfigurationPlatforms) = postSolution
		{F8AAB9F6-7E26-89A9-3BB2-3E28CD791127}.Debug|Any CPU.ActiveCfg = Debug|Any CPU
		{F8AAB9F6-7E26-89A9-3BB2-3E28CD791127}.Debug|Any CPU.Build.0 = Debug|Any CPU
		{F8AAB9F6-7E26-89A9-3BB2-3E28CD791127}.Release|Any CPU.ActiveCfg = Release|Any CPU
		{F8AAB9F6-7E26-89A9-3BB2-3E28CD791127}.Release|Any CPU.Build.0 = Release|Any CPU
		{2241C3A8-1358-39F0-EC12-7DC790547351}.Debug|Any CPU.ActiveCfg = Debug|Any CPU
		{2241C3A8-1358-39F0-EC12-7DC790547351}.Debug|Any CPU.Build.0 = Debug|Any CPU
		{2241C3A8-1358-39F0-EC12-7DC790547351}.Release|Any CPU.ActiveCfg = Release|Any CPU
		{2241C3A8-1358-39F0-EC12-7DC790547351}.Release|Any CPU.Build.0 = Release|Any CPU
		{391929B8-CF2A-1BFE-62EC-109DF91A53F6}.Debug|Any CPU.ActiveCfg = Debug|Any CPU
		{391929B8-CF2A-1BFE-62EC-109DF91A53F6}.Debug|Any CPU.Build.0 = Debug|Any CPU
		{391929B8-CF2A-1BFE-62EC-109DF91A53F6}.Release|Any CPU.ActiveCfg = Release|Any CPU
		{391929B8-CF2A-1BFE-62EC-109DF91A53F6}.Release|Any CPU.Build.0 = Release|Any CPU
		{5A95DAD2-BF17-252B-863E-D5E979CDB9EE}.Debug|Any CPU.ActiveCfg = Debug|Any CPU
		{5A95DAD2-BF17-252B-863E-D5E979CDB9EE}.Debug|Any CPU.Build.0 = Debug|Any CPU
		{5A95DAD2-BF17-252B-863E-D5E979CDB9EE}.Release|Any CPU.ActiveCfg = Release|Any CPU
		{5A95DAD2-BF17-252B-863E-D5E979CDB9EE}.Release|Any CPU.Build.0 = Release|Any CPU
		{495EF1AF-30C5-1466-F477-4E8678E92459}.Debug|Any CPU.ActiveCfg = Debug|Any CPU
		{495EF1AF-30C5-1466-F477-4E8678E92459}.Debug|Any CPU.Build.0 = Debug|Any CPU
		{495EF1AF-30C5-1466-F477-4E8678E92459}.Release|Any CPU.ActiveCfg = Release|Any CPU
		{495EF1AF-30C5-1466-F477-4E8678E92459}.Release|Any CPU.Build.0 = Release|Any CPU
		{C0150324-72E5-6C9A-BAB4-58E14FC48EB4}.Debug|Any CPU.ActiveCfg = Debug|Any CPU
		{C0150324-72E5-6C9A-BAB4-58E14FC48EB4}.Debug|Any CPU.Build.0 = Debug|Any CPU
		{C0150324-72E5-6C9A-BAB4-58E14FC48EB4}.Release|Any CPU.ActiveCfg = Release|Any CPU
		{C0150324-72E5-6C9A-BAB4-58E14FC48EB4}.Release|Any CPU.Build.0 = Release|Any CPU
		{9A98CC20-4DFD-E80B-0718-FE221B701959}.Debug|Any CPU.ActiveCfg = Debug|Any CPU
		{9A98CC20-4DFD-E80B-0718-FE221B701959}.Debug|Any CPU.Build.0 = Debug|Any CPU
		{9A98CC20-4DFD-E80B-0718-FE221B701959}.Release|Any CPU.ActiveCfg = Release|Any CPU
		{9A98CC20-4DFD-E80B-0718-FE221B701959}.Release|Any CPU.Build.0 = Release|Any CPU
		{2A48FB40-7847-6199-03D6-7D8B8D9778AB}.Debug|Any CPU.ActiveCfg = Debug|Any CPU
		{2A48FB40-7847-6199-03D6-7D8B8D9778AB}.Debug|Any CPU.Build.0 = Debug|Any CPU
		{2A48FB40-7847-6199-03D6-7D8B8D9778AB}.Release|Any CPU.ActiveCfg = Release|Any CPU
		{2A48FB40-7847-6199-03D6-7D8B8D9778AB}.Release|Any CPU.Build.0 = Release|Any CPU
		{35726CC1-9E7F-5680-B763-8D31649E9D31}.Debug|Any CPU.ActiveCfg = Debug|Any CPU
		{35726CC1-9E7F-5680-B763-8D31649E9D31}.Debug|Any CPU.Build.0 = Debug|Any CPU
		{35726CC1-9E7F-5680-B763-8D31649E9D31}.Release|Any CPU.ActiveCfg = Release|Any CPU
		{35726CC1-9E7F-5680-B763-8D31649E9D31}.Release|Any CPU.Build.0 = Release|Any CPU
		{CFC7AC32-E16A-CEB0-9A29-FCD0F0644ECC}.Debug|Any CPU.ActiveCfg = Debug|Any CPU
		{CFC7AC32-E16A-CEB0-9A29-FCD0F0644ECC}.Debug|Any CPU.Build.0 = Debug|Any CPU
		{CFC7AC32-E16A-CEB0-9A29-FCD0F0644ECC}.Release|Any CPU.ActiveCfg = Release|Any CPU
		{CFC7AC32-E16A-CEB0-9A29-FCD0F0644ECC}.Release|Any CPU.Build.0 = Release|Any CPU
		{642001F2-8578-3188-6A62-0DCB1F5FD9A8}.Debug|Any CPU.ActiveCfg = Debug|Any CPU
		{642001F2-8578-3188-6A62-0DCB1F5FD9A8}.Debug|Any CPU.Build.0 = Debug|Any CPU
		{642001F2-8578-3188-6A62-0DCB1F5FD9A8}.Release|Any CPU.ActiveCfg = Release|Any CPU
		{642001F2-8578-3188-6A62-0DCB1F5FD9A8}.Release|Any CPU.Build.0 = Release|Any CPU
		{47D9F5FE-08D6-C301-485F-2EB5CB2E6B7E}.Debug|Any CPU.ActiveCfg = Debug|Any CPU
		{47D9F5FE-08D6-C301-485F-2EB5CB2E6B7E}.Debug|Any CPU.Build.0 = Debug|Any CPU
		{47D9F5FE-08D6-C301-485F-2EB5CB2E6B7E}.Release|Any CPU.ActiveCfg = Release|Any CPU
		{47D9F5FE-08D6-C301-485F-2EB5CB2E6B7E}.Release|Any CPU.Build.0 = Release|Any CPU
	EndGlobalSection
	GlobalSection(SolutionProperties) = preSolution
		HideSolutionNode = FALSE
	EndGlobalSection
	GlobalSection(MonoDevelopProperties) = preSolution
		StartupItem = Assembly-CSharp.csproj
	EndGlobalSection
EndGlobal
